
Microsoft Visual Studio Solution File, Format Version 12.00
# Visual Studio Version 17
VisualStudioVersion = 17.0.31903.59
MinimumVisualStudioVersion = 10.0.40219.1
Project("{FAE04EC0-301F-11D3-BF4B-00C04F79EFBC}") = "MtgEngine.Shared", "MtgEngine.Shared\MtgEngine.Shared.csproj", "{09FF9295-6520-4970-A58E-324C8CA0BEC5}"
EndProject
Project("{FAE04EC0-301F-11D3-BF4B-00C04F79EFBC}") = "MtgEngine.Domain", "MtgEngine.Domain\MtgEngine.Domain.csproj", "{7E5C1A25-4CC2-4A20-A54C-29B98BEF6417}"
EndProject
Project("{FAE04EC0-301F-11D3-BF4B-00C04F79EFBC}") = "MtgEngine.Application", "MtgEngine.Application\MtgEngine.Application.csproj", "{35D90D2B-974F-4ACB-82DF-90D44B88FE28}"
EndProject
Project("{FAE04EC0-301F-11D3-BF4B-00C04F79EFBC}") = "MtgEngine.Infrastructure", "MtgEngine.Infrastructure\MtgEngine.Infrastructure.csproj", "{1BA528AD-BA84-4A70-9448-91A837AADF0C}"
EndProject
Project("{FAE04EC0-301F-11D3-BF4B-00C04F79EFBC}") = "MtgEngine.Server", "MtgEngine.Server\MtgEngine.Server.csproj", "{12BD5BFD-CEFB-42F8-84C2-B6CC1B60CA05}"
EndProject
Project("{FAE04EC0-301F-11D3-BF4B-00C04F79EFBC}") = "MtgEngine.Tests", "MtgEngine.Tests\MtgEngine.Tests.csproj", "{3932CEA7-1278-4F58-8D83-DAB805337814}"
EndProject
Global
	GlobalSection(SolutionConfigurationPlatforms) = preSolution
		Debug|Any CPU = Debug|Any CPU
		Release|Any CPU = Release|Any CPU
	EndGlobalSection
	GlobalSection(SolutionProperties) = preSolution
		HideSolutionNode = FALSE
	EndGlobalSection
	GlobalSection(ProjectConfigurationPlatforms) = postSolution
		{09FF9295-6520-4970-A58E-324C8CA0BEC5}.Debug|Any CPU.ActiveCfg = Debug|Any CPU
		{09FF9295-6520-4970-A58E-324C8CA0BEC5}.Debug|Any CPU.Build.0 = Debug|Any CPU
		{09FF9295-6520-4970-A58E-324C8CA0BEC5}.Release|Any CPU.ActiveCfg = Release|Any CPU
		{09FF9295-6520-4970-A58E-324C8CA0BEC5}.Release|Any CPU.Build.0 = Release|Any CPU
		{7E5C1A25-4CC2-4A20-A54C-29B98BEF6417}.Debug|Any CPU.ActiveCfg = Debug|Any CPU
		{7E5C1A25-4CC2-4A20-A54C-29B98BEF6417}.Debug|Any CPU.Build.0 = Debug|Any CPU
		{7E5C1A25-4CC2-4A20-A54C-29B98BEF6417}.Release|Any CPU.ActiveCfg = Release|Any CPU
		{7E5C1A25-4CC2-4A20-A54C-29B98BEF6417}.Release|Any CPU.Build.0 = Release|Any CPU
		{35D90D2B-974F-4ACB-82DF-90D44B88FE28}.Debug|Any CPU.ActiveCfg = Debug|Any CPU
		{35D90D2B-974F-4ACB-82DF-90D44B88FE28}.Debug|Any CPU.Build.0 = Debug|Any CPU
		{35D90D2B-974F-4ACB-82DF-90D44B88FE28}.Release|Any CPU.ActiveCfg = Release|Any CPU
		{35D90D2B-974F-4ACB-82DF-90D44B88FE28}.Release|Any CPU.Build.0 = Release|Any CPU
		{1BA528AD-BA84-4A70-9448-91A837AADF0C}.Debug|Any CPU.ActiveCfg = Debug|Any CPU
		{1BA528AD-BA84-4A70-9448-91A837AADF0C}.Debug|Any CPU.Build.0 = Debug|Any CPU
		{1BA528AD-BA84-4A70-9448-91A837AADF0C}.Release|Any CPU.ActiveCfg = Release|Any CPU
		{1BA528AD-BA84-4A70-9448-91A837AADF0C}.Release|Any CPU.Build.0 = Release|Any CPU
		{12BD5BFD-CEFB-42F8-84C2-B6CC1B60CA05}.Debug|Any CPU.ActiveCfg = Debug|Any CPU
		{12BD5BFD-CEFB-42F8-84C2-B6CC1B60CA05}.Debug|Any CPU.Build.0 = Debug|Any CPU
		{12BD5BFD-CEFB-42F8-84C2-B6CC1B60CA05}.Release|Any CPU.ActiveCfg = Release|Any CPU
		{12BD5BFD-CEFB-42F8-84C2-B6CC1B60CA05}.Release|Any CPU.Build.0 = Release|Any CPU
		{3932CEA7-1278-4F58-8D83-DAB805337814}.Debug|Any CPU.ActiveCfg = Debug|Any CPU
		{3932CEA7-1278-4F58-8D83-DAB805337814}.Debug|Any CPU.Build.0 = Debug|Any CPU
		{3932CEA7-1278-4F58-8D83-DAB805337814}.Release|Any CPU.ActiveCfg = Release|Any CPU
		{3932CEA7-1278-4F58-8D83-DAB805337814}.Release|Any CPU.Build.0 = Release|Any CPU
	EndGlobalSection
EndGlobal
